# @generated - this file is auto-generated by `mise lock` https://mise.en.dev/dev-tools/mise-lock.html

[[tools.opencode]]
version = "1.17.8"
backend = "aqua:anomalyco/opencode"

[tools.opencode."platforms.linux-arm64"]
checksum = "sha256:cfb34a6a9a40f9a2adb0d0f3ab387b97307823d075572bfb54a553228adcebbd"
url = "https://github.com/anomalyco/opencode/releases/download/v1.17.8/opencode-linux-arm64.tar.gz"

[tools.opencode."platforms.linux-arm64-musl"]
checksum = "sha256:f483cdc2c8aa2936e469dbdc9efe7c9eff4a27163a79ce27cf5020eb2e33ff06"
url = "https://github.com/anomalyco/opencode/releases/download/v1.17.8/opencode-linux-arm64-musl.tar.gz"

[tools.opencode."platforms.linux-x64"]
checksum = "sha256:13fffc29227093462b7d14777ea6b804cfd94c2612819c101bbf933d862b1e5f"
url = "https://github.com/anomalyco/opencode/releases/download/v1.17.8/opencode-linux-x64.tar.gz"

[tools.opencode."platforms.linux-x64-musl"]
checksum = "sha256:1d8d26fe78bd932f3e09ee59749da88e765be3ab2ebab6bffdeba56ef3c95d0d"
url = "https://github.com/anomalyco/opencode/releases/download/v1.17.8/opencode-linux-x64-musl.tar.gz"

[tools.opencode."platforms.macos-arm64"]
checksum = "sha256:4d72b08af4ee186a3f2f8462b6665b4a4c0c7ae8a9f26af187c57afef88858d7"
url = "https://github.com/anomalyco/opencode/releases/download/v1.17.8/opencode-darwin-arm64.zip"

[tools.opencode."platforms.macos-x64"]
checksum = "sha256:b952a52025aab521fa04040e5dd14a401cc8b0efa311a9d6073e2f40ddf1d2a1"
url = "https://github.com/anomalyco/opencode/releases/download/v1.17.8/opencode-darwin-x64.zip"

[tools.opencode."platforms.windows-x64"]
checksum = "sha256:bf5f74cb786bfd55bbf8c7ae385d52c3472bf4b357d6c1d9c6faa4cc667d7669"
url = "https://github.com/anomalyco/opencode/releases/download/v1.17.8/opencode-windows-x64.zip"

[[tools.pdm]]
version = "2.27.0"
backend = "pipx:pdm"

[[tools.pipx]]
version = "1.14.1"
backend = "aqua:pypa/pipx"

[tools.pipx."platforms.linux-arm64"]
checksum = "sha256:4ca0f4ea421bac9cf47f0479d37c373048257eb00ab95551c8b9aa4a837c467d"
url = "https://github.com/pypa/pipx/releases/download/1.14.1/pipx.pyz"

[tools.pipx."platforms.linux-arm64-musl"]
checksum = "sha256:4ca0f4ea421bac9cf47f0479d37c373048257eb00ab95551c8b9aa4a837c467d"
url = "https://github.com/pypa/pipx/releases/download/1.14.1/pipx.pyz"

[tools.pipx."platforms.linux-x64"]
checksum = "sha256:4ca0f4ea421bac9cf47f0479d37c373048257eb00ab95551c8b9aa4a837c467d"
url = "https://github.com/pypa/pipx/releases/download/1.14.1/pipx.pyz"

[tools.pipx."platforms.linux-x64-musl"]
checksum = "sha256:4ca0f4ea421bac9cf47f0479d37c373048257eb00ab95551c8b9aa4a837c467d"
url = "https://github.com/pypa/pipx/releases/download/1.14.1/pipx.pyz"

[tools.pipx."platforms.macos-arm64"]
checksum = "sha256:4ca0f4ea421bac9cf47f0479d37c373048257eb00ab95551c8b9aa4a837c467d"
url = "https://github.com/pypa/pipx/releases/download/1.14.1/pipx.pyz"

[tools.pipx."platforms.macos-x64"]
checksum = "sha256:4ca0f4ea421bac9cf47f0479d37c373048257eb00ab95551c8b9aa4a837c467d"
url = "https://github.com/pypa/pipx/releases/download/1.14.1/pipx.pyz"

[[tools.pre-commit]]
version = "4.6.0"
backend = "aqua:pre-commit/pre-commit"

[tools.pre-commit."platforms.linux-arm64"]
checksum = "sha256:ea8a0c84902e48c1875558f2f362ed8476773aa5fc8c16c5d8f2acc2a2830a65"
url = "https://github.com/pre-commit/pre-commit/releases/download/v4.6.0/pre-commit-4.6.0.pyz"

[tools.pre-commit."platforms.linux-arm64-musl"]
checksum = "sha256:ea8a0c84902e48c1875558f2f362ed8476773aa5fc8c16c5d8f2acc2a2830a65"
url = "https://github.com/pre-commit/pre-commit/releases/download/v4.6.0/pre-commit-4.6.0.pyz"

[tools.pre-commit."platforms.linux-x64"]
checksum = "sha256:ea8a0c84902e48c1875558f2f362ed8476773aa5fc8c16c5d8f2acc2a2830a65"
url = "https://github.com/pre-commit/pre-commit/releases/download/v4.6.0/pre-commit-4.6.0.pyz"

[tools.pre-commit."platforms.linux-x64-musl"]
checksum = "sha256:ea8a0c84902e48c1875558f2f362ed8476773aa5fc8c16c5d8f2acc2a2830a65"
url = "https://github.com/pre-commit/pre-commit/releases/download/v4.6.0/pre-commit-4.6.0.pyz"

[tools.pre-commit."platforms.macos-arm64"]
checksum = "sha256:ea8a0c84902e48c1875558f2f362ed8476773aa5fc8c16c5d8f2acc2a2830a65"
url = "https://github.com/pre-commit/pre-commit/releases/download/v4.6.0/pre-commit-4.6.0.pyz"

[tools.pre-commit."platforms.macos-x64"]
checksum = "sha256:ea8a0c84902e48c1875558f2f362ed8476773aa5fc8c16c5d8f2acc2a2830a65"
url = "https://github.com/pre-commit/pre-commit/releases/download/v4.6.0/pre-commit-4.6.0.pyz"

[[tools.python]]
version = "3.14.6"
backend = "core:python"

[tools.python."platforms.linux-arm64"]
checksum = "sha256:9124d5c41739d78a446f1f29c1953bf41071abcbf18e6daec201a27608648195"
url = "https://github.com/astral-sh/python-build-standalone/releases/download/20260610/cpython-3.14.6+20260610-aarch64-unknown-linux-gnu-install_only_stripped.tar.gz"
provenance = "github-attestations"

[tools.python."platforms.linux-arm64-musl"]
checksum = "sha256:5c75bea22f425ebc94912c618518a5aa4753eedeea6b5da5939f027d3a9c0fec"
url = "https://github.com/astral-sh/python-build-standalone/releases/download/20260610/cpython-3.14.6+20260610-aarch64-unknown-linux-musl-install_only_stripped.tar.gz"
provenance = "github-attestations"

[tools.python."platforms.linux-x64"]
checksum = "sha256:0881fbde2c78605720fb2e240d1a6df38652a896e40a5fce2e10908dbee5f5b7"
url = "https://github.com/astral-sh/python-build-standalone/releases/download/20260610/cpython-3.14.6+20260610-x86_64-unknown-linux-gnu-install_only_stripped.tar.gz"
provenance = "github-attestations"

[tools.python."platforms.linux-x64-musl"]
checksum = "sha256:54eca143d09ed3c596ecad5e3bfcb7724387818f8f984f44f3d8c0e9f36681d3"
url = "https://github.com/astral-sh/python-build-standalone/releases/download/20260610/cpython-3.14.6+20260610-x86_64-unknown-linux-musl-install_only_stripped.tar.gz"
provenance = "github-attestations"

[tools.python."platforms.macos-arm64"]
checksum = "sha256:875516e13be36296f8f7dd0972b22ba3bed069ed08d27d5f0069caf227522921"
url = "https://github.com/astral-sh/python-build-standalone/releases/download/20260610/cpython-3.14.6+20260610-aarch64-apple-darwin-install_only_stripped.tar.gz"
provenance = "github-attestations"

[tools.python."platforms.macos-x64"]
checksum = "sha256:6f85cbb2a0fef4b90fc63aadcfe383c22db5eb7933066ca6ea384828a6b3f2d2"
url = "https://github.com/astral-sh/python-build-standalone/releases/download/20260610/cpython-3.14.6+20260610-x86_64-apple-darwin-install_only_stripped.tar.gz"
provenance = "github-attestations"

[tools.python."platforms.windows-x64"]
checksum = "sha256:49f0c7e8d1c2eaba70c5516ca6c01b6b766f6ff473f1209a76fd01783e7c75ae"
url = "https://github.com/astral-sh/python-build-standalone/releases/download/20260610/cpython-3.14.6+20260610-x86_64-pc-windows-msvc-install_only_stripped.tar.gz"
provenance = "github-attestations"

[[tools.shellcheck]]
version = "0.11.0"
backend = "aqua:koalaman/shellcheck"

[tools.shellcheck."platforms.linux-arm64"]
checksum = "sha256:12b331c1d2db6b9eb13cfca64306b1b157a86eb69db83023e261eaa7e7c14588"
url = "https://github.com/koalaman/shellcheck/releases/download/v0.11.0/shellcheck-v0.11.0.linux.aarch64.tar.xz"

[tools.shellcheck."platforms.linux-arm64-musl"]
checksum = "sha256:12b331c1d2db6b9eb13cfca64306b1b157a86eb69db83023e261eaa7e7c14588"
url = "https://github.com/koalaman/shellcheck/releases/download/v0.11.0/shellcheck-v0.11.0.linux.aarch64.tar.xz"

[tools.shellcheck."platforms.linux-x64"]
checksum = "sha256:8c3be12b05d5c177a04c29e3c78ce89ac86f1595681cab149b65b97c4e227198"
url = "https://github.com/koalaman/shellcheck/releases/download/v0.11.0/shellcheck-v0.11.0.linux.x86_64.tar.xz"

[tools.shellcheck."platforms.linux-x64-musl"]
checksum = "sha256:8c3be12b05d5c177a04c29e3c78ce89ac86f1595681cab149b65b97c4e227198"
url = "https://github.com/koalaman/shellcheck/releases/download/v0.11.0/shellcheck-v0.11.0.linux.x86_64.tar.xz"

[tools.shellcheck."platforms.macos-arm64"]
checksum = "sha256:56affdd8de5527894dca6dc3d7e0a99a873b0f004d7aabc30ae407d3f48b0a79"
url = "https://github.com/koalaman/shellcheck/releases/download/v0.11.0/shellcheck-v0.11.0.darwin.aarch64.tar.xz"

[tools.shellcheck."platforms.macos-x64"]
checksum = "sha256:3c89db4edcab7cf1c27bff178882e0f6f27f7afdf54e859fa041fca10febe4c6"
url = "https://github.com/koalaman/shellcheck/releases/download/v0.11.0/shellcheck-v0.11.0.darwin.x86_64.tar.xz"

[tools.shellcheck."platforms.windows-x64"]
checksum = "sha256:8a4e35ab0b331c85d73567b12f2a444df187f483e5079ceffa6bda1faa2e740e"
url = "https://github.com/koalaman/shellcheck/releases/download/v0.11.0/shellcheck-v0.11.0.zip"
